PODS:
  - FBSnapshotTestCase (2.0.1):
    - FBSnapshotTestCase/SwiftSupport (= 2.0.1)
  - FBSnapshotTestCase/Core (2.0.1)
  - FBSnapshotTestCase/SwiftSupport (2.0.1):
    - FBSnapshotTestCase/Core
  - HelloWordForCocoaPods (0.1.0)

DEPENDENCIES:
  - FBSnapshotTestCase
  - HelloWordForCocoaPods (from `../`)

EXTERNAL SOURCES:
  HelloWordForCocoaPods:
    :path: ../

SPEC CHECKSUMS:
  FBSnapshotTestCase: bdb997ab2397495205f11156d4d444606daebd27
  HelloWordForCocoaPods: 3edd7157b178662cb4b746ed3c0333afdbbebef3

COCOAPODS: 0.36.0
